
Microsoft Visual Studio Solution File, Format Version 12.00
# Visual Studio Version 16
VisualStudioVersion = 16.0.29920.165
MinimumVisualStudioVersion = 10.0.40219.1
Project("{FAE04EC0-301F-11D3-BF4B-00C04F79EFBC}") = "DiskOverwriter", "DiskOverwriter\DiskOverwriter.csproj", "{9CAF1D5D-5E9A-4440-8109-B93E4DFDD270}"
EndProject
Global
	GlobalSection(SolutionConfigurationPlatforms) = preSolution
		Debug|Any CPU = Debug|Any CPU
		Release|Any CPU = Release|Any CPU
	EndGlobalSection
	GlobalSection(ProjectConfigurationPlatforms) = postSolution
		{9CAF1D5D-5E9A-4440-8109-B93E4DFDD270}.Debug|Any CPU.ActiveCfg = Debug|Any CPU
		{9CAF1D5D-5E9A-4440-8109-B93E4DFDD270}.Debug|Any CPU.Build.0 = Debug|Any CPU
		{9CAF1D5D-5E9A-4440-8109-B93E4DFDD270}.Release|Any CPU.ActiveCfg = Release|Any CPU
		{9CAF1D5D-5E9A-4440-8109-B93E4DFDD270}.Release|Any CPU.Build.0 = Release|Any CPU
	EndGlobalSection
	GlobalSection(SolutionProperties) = preSolution
		HideSolutionNode = FALSE
	EndGlobalSection
	GlobalSection(ExtensibilityGlobals) = postSolution
		SolutionGuid = {CABC269D-19C0-42EA-9746-313FC647B27E}
	EndGlobalSection
EndGlobal
